
Microsoft Visual Studio Solution File, Format Version 12.00
# Visual Studio Version 17
VisualStudioVersion = 17.1.32421.90
MinimumVisualStudioVersion = 10.0.40219.1
Project("{FAE04EC0-301F-11D3-BF4B-00C04F79EFBC}") = "CreateNewAdditions", "CreateNewAdditions\CreateNewAdditions.csproj", "{D7ECCF51-90EA-4429-A938-D5935FC1EDA2}"
EndProject
Global
	GlobalSection(SolutionConfigurationPlatforms) = preSolution
		Debug|Any CPU = Debug|Any CPU
		Release|Any CPU = Release|Any CPU
	EndGlobalSection
	GlobalSection(ProjectConfigurationPlatforms) = postSolution
		{D7ECCF51-90EA-4429-A938-D5935FC1EDA2}.Debug|Any CPU.ActiveCfg = Debug|Any CPU
		{D7ECCF51-90EA-4429-A938-D5935FC1EDA2}.Debug|Any CPU.Build.0 = Debug|Any CPU
		{D7ECCF51-90EA-4429-A938-D5935FC1EDA2}.Release|Any CPU.ActiveCfg = Release|Any CPU
		{D7ECCF51-90EA-4429-A938-D5935FC1EDA2}.Release|Any CPU.Build.0 = Release|Any CPU
	EndGlobalSection
	GlobalSection(SolutionProperties) = preSolution
		HideSolutionNode = FALSE
	EndGlobalSection
	GlobalSection(ExtensibilityGlobals) = postSolution
		SolutionGuid = {09BEE39B-9462-4994-A70D-C32B2EC9FDA5}
	EndGlobalSection
EndGlobal
